
Microsoft Visual Studio Solution File, Format Version 12.00
# Visual Studio Version 17
VisualStudioVersion = 17.2.32630.192
MinimumVisualStudioVersion = 10.0.40219.1
Project("{9A19103F-16F7-4668-BE54-9A1E7A4F7556}") = "R5T.S0078", "R5T.S0078\R5T.S0078.csproj", "{AA6E7CEF-4B29-4ADF-8F2B-6F44AEA382E8}"
EndProject
Project("{2150E333-8FDC-42A3-9474-1A3956D46DE8}") = "_Dependencies", "_Dependencies", "{917298B9-F909-40F6-9BF4-88F1B2C144EE}"
EndProject
Project("{9A19103F-16F7-4668-BE54-9A1E7A4F7556}") = "R5T.F0000", "..\..\R5T.F0000\source\R5T.F0000\R5T.F0000.csproj", "{A03346D9-713D-4CFB-86AA-BA712251F881}"
EndProject
Project("{9A19103F-16F7-4668-BE54-9A1E7A4F7556}") = "R5T.F0002", "..\..\R5T.F0002\source\R5T.F0002\R5T.F0002.csproj", "{E9CE795E-ECEB-49A6-9FF9-B082DE6DED19}"
EndProject
Project("{9A19103F-16F7-4668-BE54-9A1E7A4F7556}") = "R5T.F0120", "..\..\R5T.F0120\source\R5T.F0120\R5T.F0120.csproj", "{348AF946-B65A-4F6D-ABA7-DFE4E3838EED}"
EndProject
Project("{9A19103F-16F7-4668-BE54-9A1E7A4F7556}") = "R5T.F0124", "..\..\R5T.F0124\source\R5T.F0124\R5T.F0124.csproj", "{15E66F8B-C7CE-4F82-884C-9A8B2789E9EE}"
EndProject
Project("{9A19103F-16F7-4668-BE54-9A1E7A4F7556}") = "R5T.F0125", "..\..\R5T.F0125\source\R5T.F0125\R5T.F0125.csproj", "{BFE16078-1451-408A-A9E8-CA7840B6DE06}"
EndProject
Project("{9A19103F-16F7-4668-BE54-9A1E7A4F7556}") = "R5T.F0136", "..\..\R5T.F0136\source\R5T.F0136\R5T.F0136.csproj", "{6385096F-3B18-4620-9D5B-069F453A09DE}"
EndProject
Project("{9A19103F-16F7-4668-BE54-9A1E7A4F7556}") = "R5T.L0030.T000", "..\..\R5T.L0030\source\R5T.L0030.T000\R5T.L0030.T000.csproj", "{77830C9A-B6EB-471D-8531-022959381179}"
EndProject
Project("{9A19103F-16F7-4668-BE54-9A1E7A4F7556}") = "R5T.L0030", "..\..\R5T.L0030\source\R5T.L0030\R5T.L0030.csproj", "{82B1A38B-5FE7-49CB-A46A-C5CBF46DCB4E}"
EndProject
Project("{9A19103F-16F7-4668-BE54-9A1E7A4F7556}") = "R5T.L0034", "..\..\R5T.L0034\source\R5T.L0034\R5T.L0034.csproj", "{04BE7F54-E2DE-47DE-8182-03AF43EEB1F5}"
EndProject
Project("{9A19103F-16F7-4668-BE54-9A1E7A4F7556}") = "R5T.L0035", "..\..\R5T.L0035\source\R5T.L0035\R5T.L0035.csproj", "{86E28A1D-6DF9-4F26-9FB6-2F5B6DE6DF48}"
EndProject
Project("{9A19103F-16F7-4668-BE54-9A1E7A4F7556}") = "R5T.NG0020", "..\..\R5T.NG0020\source\R5T.NG0020\R5T.NG0020.csproj", "{A56562C6-4364-4213-8082-8C9FEDA6779A}"
EndProject
Project("{9A19103F-16F7-4668-BE54-9A1E7A4F7556}") = "R5T.O0021", "..\..\R5T.O0021\source\R5T.O0021\R5T.O0021.csproj", "{ADC98635-4E18-4A9B-A053-2E020F33B502}"
EndProject
Project("{9A19103F-16F7-4668-BE54-9A1E7A4F7556}") = "R5T.T0131", "..\..\R5T.T0131\source\R5T.T0131\R5T.T0131.csproj", "{5E64EFDC-CB12-41B2-975D-6F5A7624943D}"
EndProject
Project("{9A19103F-16F7-4668-BE54-9A1E7A4F7556}") = "R5T.T0132", "..\..\R5T.T0132\source\R5T.T0132\R5T.T0132.csproj", "{B83B91C2-B1A0-4CFA-8270-794EE6A1BBA0}"
EndProject
Project("{9A19103F-16F7-4668-BE54-9A1E7A4F7556}") = "R5T.T0142", "..\..\R5T.T0142\source\R5T.T0142\R5T.T0142.csproj", "{64EEA310-AC60-4CF5-9F19-D5CC0CFF7BD7}"
EndProject
Project("{9A19103F-16F7-4668-BE54-9A1E7A4F7556}") = "R5T.T0143", "..\..\R5T.T0143\source\R5T.T0143\R5T.T0143.csproj", "{AC17B8CC-E8CF-4FC0-930C-34BF80116FCB}"
EndProject
Project("{9A19103F-16F7-4668-BE54-9A1E7A4F7556}") = "R5T.T0156", "..\..\R5T.T0156\source\R5T.T0156\R5T.T0156.csproj", "{2AAFA1CE-129F-4BDC-933A-684C60F260F4}"
EndProject
Project("{9A19103F-16F7-4668-BE54-9A1E7A4F7556}") = "R5T.T0174", "..\..\R5T.T0174\source\R5T.T0174\R5T.T0174.csproj", "{BB630545-10B4-4A27-B352-91E2FA8441ED}"
EndProject
Project("{9A19103F-16F7-4668-BE54-9A1E7A4F7556}") = "R5T.T0176", "..\..\R5T.T0176\source\R5T.T0176\R5T.T0176.csproj", "{EF20960B-5110-4218-82A0-0640B75BF3A6}"
EndProject
Project("{9A19103F-16F7-4668-BE54-9A1E7A4F7556}") = "R5T.T0177", "..\..\R5T.T0177\source\R5T.T0177\R5T.T0177.csproj", "{83057DCE-B64E-49BA-B94A-BD9BCA1DB6CD}"
EndProject
Project("{9A19103F-16F7-4668-BE54-9A1E7A4F7556}") = "R5T.T0178", "..\..\R5T.T0178\source\R5T.T0178\R5T.T0178.csproj", "{987DBD1B-F022-48B1-8B12-3CCC57CD03ED}"
EndProject
Project("{9A19103F-16F7-4668-BE54-9A1E7A4F7556}") = "R5T.T0179", "..\..\R5T.T0179\source\R5T.T0179\R5T.T0179.csproj", "{1FB199B0-67F9-4A10-80A0-260BFE18BF3F}"
EndProject
Project("{9A19103F-16F7-4668-BE54-9A1E7A4F7556}") = "R5T.T0180", "..\..\R5T.T0180\source\R5T.T0180\R5T.T0180.csproj", "{1BC19490-8A48-406E-A28C-40FFC06AF445}"
EndProject
Project("{9A19103F-16F7-4668-BE54-9A1E7A4F7556}") = "R5T.T0181", "..\..\R5T.T0181\source\R5T.T0181\R5T.T0181.csproj", "{C38C71C5-3A60-4768-B3BB-051D8115D756}"
EndProject
Project("{9A19103F-16F7-4668-BE54-9A1E7A4F7556}") = "R5T.T0185", "..\..\R5T.T0185\source\R5T.T0185\R5T.T0185.csproj", "{E75DDF2E-1B9F-413B-A946-DBFF14E5ADF5}"
EndProject
Project("{9A19103F-16F7-4668-BE54-9A1E7A4F7556}") = "R5T.T0203", "..\..\R5T.T0203\source\R5T.T0203\R5T.T0203.csproj", "{9B1794C5-3337-4D4C-9BC3-E9F229B09B2A}"
EndProject
Project("{9A19103F-16F7-4668-BE54-9A1E7A4F7556}") = "R5T.Y0000", "..\..\R5T.Y0000\source\R5T.Y0000\R5T.Y0000.csproj", "{18278D41-5DA6-4681-BB5E-CBA24E631B41}"
EndProject
Project("{9A19103F-16F7-4668-BE54-9A1E7A4F7556}") = "R5T.Z0000", "..\..\R5T.Z0000\source\R5T.Z0000\R5T.Z0000.csproj", "{2392C732-1061-4C45-B35D-B35AACC19FE7}"
EndProject
Project("{9A19103F-16F7-4668-BE54-9A1E7A4F7556}") = "R5T.L0032.T000", "..\..\R5T.L0032\source\R5T.L0032.T000\R5T.L0032.T000.csproj", "{1C293F3A-23CB-49E6-B648-C4980E67929A}"
EndProject
Project("{9A19103F-16F7-4668-BE54-9A1E7A4F7556}") = "R5T.T0150", "..\..\R5T.T0150\source\R5T.T0150\R5T.T0150.csproj", "{A46F1027-269B-457B-AE4B-A89E67D4F911}"
EndProject
Project("{9A19103F-16F7-4668-BE54-9A1E7A4F7556}") = "R5T.T0151", "..\..\R5T.T0151\source\R5T.T0151\R5T.T0151.csproj", "{C11A0685-5686-482E-AC1C-BFD86467DCD9}"
EndProject
Project("{9A19103F-16F7-4668-BE54-9A1E7A4F7556}") = "R5T.T0161", "..\..\R5T.T0161\source\R5T.T0161\R5T.T0161.csproj", "{D67FDD45-39DF-484F-9410-DDE1780E2561}"
EndProject
Project("{9A19103F-16F7-4668-BE54-9A1E7A4F7556}") = "R5T.T0172", "..\..\R5T.T0172\source\R5T.T0172\R5T.T0172.csproj", "{5D2DF2FD-F356-417B-92D1-13E3DEF9E528}"
EndProject
Project("{9A19103F-16F7-4668-BE54-9A1E7A4F7556}") = "R5T.T0184", "..\..\R5T.T0184\source\R5T.T0184\R5T.T0184.csproj", "{CFC77151-AD06-43F4-8A03-540D77DC7B36}"
EndProject
Project("{9A19103F-16F7-4668-BE54-9A1E7A4F7556}") = "R5T.T0186", "..\..\R5T.T0186\source\R5T.T0186\R5T.T0186.csproj", "{0BB6CC6E-92C0-4008-BDD5-436E4A6E2247}"
EndProject
Project("{9A19103F-16F7-4668-BE54-9A1E7A4F7556}") = "R5T.T0187", "..\..\R5T.T0187\source\R5T.T0187\R5T.T0187.csproj", "{0644EE92-AAC4-4AD6-B44B-FB1A354441E2}"
EndProject
Project("{9A19103F-16F7-4668-BE54-9A1E7A4F7556}") = "R5T.T0196", "..\..\R5T.T0196\source\R5T.T0196\R5T.T0196.csproj", "{729640AC-1767-4887-924A-B6DE03A45C47}"
EndProject
Project("{9A19103F-16F7-4668-BE54-9A1E7A4F7556}") = "R5T.T0197", "..\..\R5T.T0197\source\R5T.T0197\R5T.T0197.csproj", "{E98B0D6A-93D8-45B2-AF68-BC07B36667E9}"
EndProject
Project("{9A19103F-16F7-4668-BE54-9A1E7A4F7556}") = "R5T.T0198", "..\..\R5T.T0198\source\R5T.T0198\R5T.T0198.csproj", "{1160C157-BA99-49CF-8122-9038D1DD3CE6}"
EndProject
Project("{9A19103F-16F7-4668-BE54-9A1E7A4F7556}") = "R5T.Z0046", "..\..\R5T.Z0046\source\R5T.Z0046\R5T.Z0046.csproj", "{AB014EF7-ECFD-45DA-AE89-381F5E8AB443}"
EndProject
Project("{9A19103F-16F7-4668-BE54-9A1E7A4F7556}") = "R5T.F0135", "..\..\R5T.F0135\source\R5T.F0135\R5T.F0135.csproj", "{26517D52-BC94-4779-9933-58C2A5652A9C}"
EndProject
Project("{9A19103F-16F7-4668-BE54-9A1E7A4F7556}") = "R5T.NG0021", "..\..\R5T.NG0021\source\R5T.NG0021\R5T.NG0021.csproj", "{792F2791-E961-4A1D-BDAD-17C5F1BA3D9F}"
EndProject
Project("{9A19103F-16F7-4668-BE54-9A1E7A4F7556}") = "R5T.NG0019", "..\..\R5T.NG0019\source\R5T.NG0019\R5T.NG0019.csproj", "{CACF04DF-7E88-4AD3-859B-88B2EA891F84}"
EndProject
Global
	GlobalSection(NestedProjects) = preSolution
		{A03346D9-713D-4CFB-86AA-BA712251F881} = {917298B9-F909-40F6-9BF4-88F1B2C144EE}
		{E9CE795E-ECEB-49A6-9FF9-B082DE6DED19} = {917298B9-F909-40F6-9BF4-88F1B2C144EE}
		{348AF946-B65A-4F6D-ABA7-DFE4E3838EED} = {917298B9-F909-40F6-9BF4-88F1B2C144EE}
		{15E66F8B-C7CE-4F82-884C-9A8B2789E9EE} = {917298B9-F909-40F6-9BF4-88F1B2C144EE}
		{BFE16078-1451-408A-A9E8-CA7840B6DE06} = {917298B9-F909-40F6-9BF4-88F1B2C144EE}
		{6385096F-3B18-4620-9D5B-069F453A09DE} = {917298B9-F909-40F6-9BF4-88F1B2C144EE}
		{77830C9A-B6EB-471D-8531-022959381179} = {917298B9-F909-40F6-9BF4-88F1B2C144EE}
		{82B1A38B-5FE7-49CB-A46A-C5CBF46DCB4E} = {917298B9-F909-40F6-9BF4-88F1B2C144EE}
		{04BE7F54-E2DE-47DE-8182-03AF43EEB1F5} = {917298B9-F909-40F6-9BF4-88F1B2C144EE}
		{86E28A1D-6DF9-4F26-9FB6-2F5B6DE6DF48} = {917298B9-F909-40F6-9BF4-88F1B2C144EE}
		{A56562C6-4364-4213-8082-8C9FEDA6779A} = {917298B9-F909-40F6-9BF4-88F1B2C144EE}
		{ADC98635-4E18-4A9B-A053-2E020F33B502} = {917298B9-F909-40F6-9BF4-88F1B2C144EE}
		{5E64EFDC-CB12-41B2-975D-6F5A7624943D} = {917298B9-F909-40F6-9BF4-88F1B2C144EE}
		{B83B91C2-B1A0-4CFA-8270-794EE6A1BBA0} = {917298B9-F909-40F6-9BF4-88F1B2C144EE}
		{64EEA310-AC60-4CF5-9F19-D5CC0CFF7BD7} = {917298B9-F909-40F6-9BF4-88F1B2C144EE}
		{AC17B8CC-E8CF-4FC0-930C-34BF80116FCB} = {917298B9-F909-40F6-9BF4-88F1B2C144EE}
		{2AAFA1CE-129F-4BDC-933A-684C60F260F4} = {917298B9-F909-40F6-9BF4-88F1B2C144EE}
		{BB630545-10B4-4A27-B352-91E2FA8441ED} = {917298B9-F909-40F6-9BF4-88F1B2C144EE}
		{EF20960B-5110-4218-82A0-0640B75BF3A6} = {917298B9-F909-40F6-9BF4-88F1B2C144EE}
		{83057DCE-B64E-49BA-B94A-BD9BCA1DB6CD} = {917298B9-F909-40F6-9BF4-88F1B2C144EE}
		{987DBD1B-F022-48B1-8B12-3CCC57CD03ED} = {917298B9-F909-40F6-9BF4-88F1B2C144EE}
		{1FB199B0-67F9-4A10-80A0-260BFE18BF3F} = {917298B9-F909-40F6-9BF4-88F1B2C144EE}
		{1BC19490-8A48-406E-A28C-40FFC06AF445} = {917298B9-F909-40F6-9BF4-88F1B2C144EE}
		{C38C71C5-3A60-4768-B3BB-051D8115D756} = {917298B9-F909-40F6-9BF4-88F1B2C144EE}
		{E75DDF2E-1B9F-413B-A946-DBFF14E5ADF5} = {917298B9-F909-40F6-9BF4-88F1B2C144EE}
		{9B1794C5-3337-4D4C-9BC3-E9F229B09B2A} = {917298B9-F909-40F6-9BF4-88F1B2C144EE}
		{18278D41-5DA6-4681-BB5E-CBA24E631B41} = {917298B9-F909-40F6-9BF4-88F1B2C144EE}
		{2392C732-1061-4C45-B35D-B35AACC19FE7} = {917298B9-F909-40F6-9BF4-88F1B2C144EE}
		{1C293F3A-23CB-49E6-B648-C4980E67929A} = {917298B9-F909-40F6-9BF4-88F1B2C144EE}
		{A46F1027-269B-457B-AE4B-A89E67D4F911} = {917298B9-F909-40F6-9BF4-88F1B2C144EE}
		{C11A0685-5686-482E-AC1C-BFD86467DCD9} = {917298B9-F909-40F6-9BF4-88F1B2C144EE}
		{D67FDD45-39DF-484F-9410-DDE1780E2561} = {917298B9-F909-40F6-9BF4-88F1B2C144EE}
		{5D2DF2FD-F356-417B-92D1-13E3DEF9E528} = {917298B9-F909-40F6-9BF4-88F1B2C144EE}
		{CFC77151-AD06-43F4-8A03-540D77DC7B36} = {917298B9-F909-40F6-9BF4-88F1B2C144EE}
		{0BB6CC6E-92C0-4008-BDD5-436E4A6E2247} = {917298B9-F909-40F6-9BF4-88F1B2C144EE}
		{0644EE92-AAC4-4AD6-B44B-FB1A354441E2} = {917298B9-F909-40F6-9BF4-88F1B2C144EE}
		{729640AC-1767-4887-924A-B6DE03A45C47} = {917298B9-F909-40F6-9BF4-88F1B2C144EE}
		{E98B0D6A-93D8-45B2-AF68-BC07B36667E9} = {917298B9-F909-40F6-9BF4-88F1B2C144EE}
		{1160C157-BA99-49CF-8122-9038D1DD3CE6} = {917298B9-F909-40F6-9BF4-88F1B2C144EE}
		{AB014EF7-ECFD-45DA-AE89-381F5E8AB443} = {917298B9-F909-40F6-9BF4-88F1B2C144EE}
		{26517D52-BC94-4779-9933-58C2A5652A9C} = {917298B9-F909-40F6-9BF4-88F1B2C144EE}
		{792F2791-E961-4A1D-BDAD-17C5F1BA3D9F} = {917298B9-F909-40F6-9BF4-88F1B2C144EE}
		{CACF04DF-7E88-4AD3-859B-88B2EA891F84} = {917298B9-F909-40F6-9BF4-88F1B2C144EE}
	EndGlobalSection
	GlobalSection(SolutionConfigurationPlatforms) = preSolution
		Debug|Any CPU = Debug|Any CPU
		Release|Any CPU = Release|Any CPU
	EndGlobalSection
	GlobalSection(ProjectConfigurationPlatforms) = postSolution
		{AA6E7CEF-4B29-4ADF-8F2B-6F44AEA382E8}.Debug|Any CPU.ActiveCfg = Debug|Any CPU
		{AA6E7CEF-4B29-4ADF-8F2B-6F44AEA382E8}.Debug|Any CPU.Build.0 = Debug|Any CPU
		{AA6E7CEF-4B29-4ADF-8F2B-6F44AEA382E8}.Release|Any CPU.ActiveCfg = Release|Any CPU
		{AA6E7CEF-4B29-4ADF-8F2B-6F44AEA382E8}.Release|Any CPU.Build.0 = Release|Any CPU
		{A03346D9-713D-4CFB-86AA-BA712251F881}.Debug|Any CPU.ActiveCfg = Debug|Any CPU
		{A03346D9-713D-4CFB-86AA-BA712251F881}.Debug|Any CPU.Build.0 = Debug|Any CPU
		{A03346D9-713D-4CFB-86AA-BA712251F881}.Release|Any CPU.ActiveCfg = Release|Any CPU
		{A03346D9-713D-4CFB-86AA-BA712251F881}.Release|Any CPU.Build.0 = Release|Any CPU
		{E9CE795E-ECEB-49A6-9FF9-B082DE6DED19}.Debug|Any CPU.ActiveCfg = Debug|Any CPU
		{E9CE795E-ECEB-49A6-9FF9-B082DE6DED19}.Debug|Any CPU.Build.0 = Debug|Any CPU
		{E9CE795E-ECEB-49A6-9FF9-B082DE6DED19}.Release|Any CPU.ActiveCfg = Release|Any CPU
		{E9CE795E-ECEB-49A6-9FF9-B082DE6DED19}.Release|Any CPU.Build.0 = Release|Any CPU
		{348AF946-B65A-4F6D-ABA7-DFE4E3838EED}.Debug|Any CPU.ActiveCfg = Debug|Any CPU
		{348AF946-B65A-4F6D-ABA7-DFE4E3838EED}.Debug|Any CPU.Build.0 = Debug|Any CPU
		{348AF946-B65A-4F6D-ABA7-DFE4E3838EED}.Release|Any CPU.ActiveCfg = Release|Any CPU
		{348AF946-B65A-4F6D-ABA7-DFE4E3838EED}.Release|Any CPU.Build.0 = Release|Any CPU
		{15E66F8B-C7CE-4F82-884C-9A8B2789E9EE}.Debug|Any CPU.ActiveCfg = Debug|Any CPU
		{15E66F8B-C7CE-4F82-884C-9A8B2789E9EE}.Debug|Any CPU.Build.0 = Debug|Any CPU
		{15E66F8B-C7CE-4F82-884C-9A8B2789E9EE}.Release|Any CPU.ActiveCfg = Release|Any CPU
		{15E66F8B-C7CE-4F82-884C-9A8B2789E9EE}.Release|Any CPU.Build.0 = Release|Any CPU
		{BFE16078-1451-408A-A9E8-CA7840B6DE06}.Debug|Any CPU.ActiveCfg = Debug|Any CPU
		{BFE16078-1451-408A-A9E8-CA7840B6DE06}.Debug|Any CPU.Build.0 = Debug|Any CPU
		{BFE16078-1451-408A-A9E8-CA7840B6DE06}.Release|Any CPU.ActiveCfg = Release|Any CPU
		{BFE16078-1451-408A-A9E8-CA7840B6DE06}.Release|Any CPU.Build.0 = Release|Any CPU
		{6385096F-3B18-4620-9D5B-069F453A09DE}.Debug|Any CPU.ActiveCfg = Debug|Any CPU
		{6385096F-3B18-4620-9D5B-069F453A09DE}.Debug|Any CPU.Build.0 = Debug|Any CPU
		{6385096F-3B18-4620-9D5B-069F453A09DE}.Release|Any CPU.ActiveCfg = Release|Any CPU
		{6385096F-3B18-4620-9D5B-069F453A09DE}.Release|Any CPU.Build.0 = Release|Any CPU
		{77830C9A-B6EB-471D-8531-022959381179}.Debug|Any CPU.ActiveCfg = Debug|Any CPU
		{77830C9A-B6EB-471D-8531-022959381179}.Debug|Any CPU.Build.0 = Debug|Any CPU
		{77830C9A-B6EB-471D-8531-022959381179}.Release|Any CPU.ActiveCfg = Release|Any CPU
		{77830C9A-B6EB-471D-8531-022959381179}.Release|Any CPU.Build.0 = Release|Any CPU
		{82B1A38B-5FE7-49CB-A46A-C5CBF46DCB4E}.Debug|Any CPU.ActiveCfg = Debug|Any CPU
		{82B1A38B-5FE7-49CB-A46A-C5CBF46DCB4E}.Debug|Any CPU.Build.0 = Debug|Any CPU
		{82B1A38B-5FE7-49CB-A46A-C5CBF46DCB4E}.Release|Any CPU.ActiveCfg = Release|Any CPU
		{82B1A38B-5FE7-49CB-A46A-C5CBF46DCB4E}.Release|Any CPU.Build.0 = Release|Any CPU
		{04BE7F54-E2DE-47DE-8182-03AF43EEB1F5}.Debug|Any CPU.ActiveCfg = Debug|Any CPU
		{04BE7F54-E2DE-47DE-8182-03AF43EEB1F5}.Debug|Any CPU.Build.0 = Debug|Any CPU
		{04BE7F54-E2DE-47DE-8182-03AF43EEB1F5}.Release|Any CPU.ActiveCfg = Release|Any CPU
		{04BE7F54-E2DE-47DE-8182-03AF43EEB1F5}.Release|Any CPU.Build.0 = Release|Any CPU
		{86E28A1D-6DF9-4F26-9FB6-2F5B6DE6DF48}.Debug|Any CPU.ActiveCfg = Debug|Any CPU
		{86E28A1D-6DF9-4F26-9FB6-2F5B6DE6DF48}.Debug|Any CPU.Build.0 = Debug|Any CPU
		{86E28A1D-6DF9-4F26-9FB6-2F5B6DE6DF48}.Release|Any CPU.ActiveCfg = Release|Any CPU
		{86E28A1D-6DF9-4F26-9FB6-2F5B6DE6DF48}.Release|Any CPU.Build.0 = Release|Any CPU
		{A56562C6-4364-4213-8082-8C9FEDA6779A}.Debug|Any CPU.ActiveCfg = Debug|Any CPU
		{A56562C6-4364-4213-8082-8C9FEDA6779A}.Debug|Any CPU.Build.0 = Debug|Any CPU
		{A56562C6-4364-4213-8082-8C9FEDA6779A}.Release|Any CPU.ActiveCfg = Release|Any CPU
		{A56562C6-4364-4213-8082-8C9FEDA6779A}.Release|Any CPU.Build.0 = Release|Any CPU
		{ADC98635-4E18-4A9B-A053-2E020F33B502}.Debug|Any CPU.ActiveCfg = Debug|Any CPU
		{ADC98635-4E18-4A9B-A053-2E020F33B502}.Debug|Any CPU.Build.0 = Debug|Any CPU
		{ADC98635-4E18-4A9B-A053-2E020F33B502}.Release|Any CPU.ActiveCfg = Release|Any CPU
		{ADC98635-4E18-4A9B-A053-2E020F33B502}.Release|Any CPU.Build.0 = Release|Any CPU
		{5E64EFDC-CB12-41B2-975D-6F5A7624943D}.Debug|Any CPU.ActiveCfg = Debug|Any CPU
		{5E64EFDC-CB12-41B2-975D-6F5A7624943D}.Debug|Any CPU.Build.0 = Debug|Any CPU
		{5E64EFDC-CB12-41B2-975D-6F5A7624943D}.Release|Any CPU.ActiveCfg = Release|Any CPU
		{5E64EFDC-CB12-41B2-975D-6F5A7624943D}.Release|Any CPU.Build.0 = Release|Any CPU
		{B83B91C2-B1A0-4CFA-8270-794EE6A1BBA0}.Debug|Any CPU.ActiveCfg = Debug|Any CPU
		{B83B91C2-B1A0-4CFA-8270-794EE6A1BBA0}.Debug|Any CPU.Build.0 = Debug|Any CPU
		{B83B91C2-B1A0-4CFA-8270-794EE6A1BBA0}.Release|Any CPU.ActiveCfg = Release|Any CPU
		{B83B91C2-B1A0-4CFA-8270-794EE6A1BBA0}.Release|Any CPU.Build.0 = Release|Any CPU
		{64EEA310-AC60-4CF5-9F19-D5CC0CFF7BD7}.Debug|Any CPU.ActiveCfg = Debug|Any CPU
		{64EEA310-AC60-4CF5-9F19-D5CC0CFF7BD7}.Debug|Any CPU.Build.0 = Debug|Any CPU
		{64EEA310-AC60-4CF5-9F19-D5CC0CFF7BD7}.Release|Any CPU.ActiveCfg = Release|Any CPU
		{64EEA310-AC60-4CF5-9F19-D5CC0CFF7BD7}.Release|Any CPU.Build.0 = Release|Any CPU
		{AC17B8CC-E8CF-4FC0-930C-34BF80116FCB}.Debug|Any CPU.ActiveCfg = Debug|Any CPU
		{AC17B8CC-E8CF-4FC0-930C-34BF80116FCB}.Debug|Any CPU.Build.0 = Debug|Any CPU
		{AC17B8CC-E8CF-4FC0-930C-34BF80116FCB}.Release|Any CPU.ActiveCfg = Release|Any CPU
		{AC17B8CC-E8CF-4FC0-930C-34BF80116FCB}.Release|Any CPU.Build.0 = Release|Any CPU
		{2AAFA1CE-129F-4BDC-933A-684C60F260F4}.Debug|Any CPU.ActiveCfg = Debug|Any CPU
		{2AAFA1CE-129F-4BDC-933A-684C60F260F4}.Debug|Any CPU.Build.0 = Debug|Any CPU
		{2AAFA1CE-129F-4BDC-933A-684C60F260F4}.Release|Any CPU.ActiveCfg = Release|Any CPU
		{2AAFA1CE-129F-4BDC-933A-684C60F260F4}.Release|Any CPU.Build.0 = Release|Any CPU
		{BB630545-10B4-4A27-B352-91E2FA8441ED}.Debug|Any CPU.ActiveCfg = Debug|Any CPU
		{BB630545-10B4-4A27-B352-91E2FA8441ED}.Debug|Any CPU.Build.0 = Debug|Any CPU
		{BB630545-10B4-4A27-B352-91E2FA8441ED}.Release|Any CPU.ActiveCfg = Release|Any CPU
		{BB630545-10B4-4A27-B352-91E2FA8441ED}.Release|Any CPU.Build.0 = Release|Any CPU
		{EF20960B-5110-4218-82A0-0640B75BF3A6}.Debug|Any CPU.ActiveCfg = Debug|Any CPU
		{EF20960B-5110-4218-82A0-0640B75BF3A6}.Debug|Any CPU.Build.0 = Debug|Any CPU
		{EF20960B-5110-4218-82A0-0640B75BF3A6}.Release|Any CPU.ActiveCfg = Release|Any CPU
		{EF20960B-5110-4218-82A0-0640B75BF3A6}.Release|Any CPU.Build.0 = Release|Any CPU
		{83057DCE-B64E-49BA-B94A-BD9BCA1DB6CD}.Debug|Any CPU.ActiveCfg = Debug|Any CPU
		{83057DCE-B64E-49BA-B94A-BD9BCA1DB6CD}.Debug|Any CPU.Build.0 = Debug|Any CPU
		{83057DCE-B64E-49BA-B94A-BD9BCA1DB6CD}.Release|Any CPU.ActiveCfg = Release|Any CPU
		{83057DCE-B64E-49BA-B94A-BD9BCA1DB6CD}.Release|Any CPU.Build.0 = Release|Any CPU
		{987DBD1B-F022-48B1-8B12-3CCC57CD03ED}.Debug|Any CPU.ActiveCfg = Debug|Any CPU
		{987DBD1B-F022-48B1-8B12-3CCC57CD03ED}.Debug|Any CPU.Build.0 = Debug|Any CPU
		{987DBD1B-F022-48B1-8B12-3CCC57CD03ED}.Release|Any CPU.ActiveCfg = Release|Any CPU
		{987DBD1B-F022-48B1-8B12-3CCC57CD03ED}.Release|Any CPU.Build.0 = Release|Any CPU
		{1FB199B0-67F9-4A10-80A0-260BFE18BF3F}.Debug|Any CPU.ActiveCfg = Debug|Any CPU
		{1FB199B0-67F9-4A10-80A0-260BFE18BF3F}.Debug|Any CPU.Build.0 = Debug|Any CPU
		{1FB199B0-67F9-4A10-80A0-260BFE18BF3F}.Release|Any CPU.ActiveCfg = Release|Any CPU
		{1FB199B0-67F9-4A10-80A0-260BFE18BF3F}.Release|Any CPU.Build.0 = Release|Any CPU
		{1BC19490-8A48-406E-A28C-40FFC06AF445}.Debug|Any CPU.ActiveCfg = Debug|Any CPU
		{1BC19490-8A48-406E-A28C-40FFC06AF445}.Debug|Any CPU.Build.0 = Debug|Any CPU
		{1BC19490-8A48-406E-A28C-40FFC06AF445}.Release|Any CPU.ActiveCfg = Release|Any CPU
		{1BC19490-8A48-406E-A28C-40FFC06AF445}.Release|Any CPU.Build.0 = Release|Any CPU
		{C38C71C5-3A60-4768-B3BB-051D8115D756}.Debug|Any CPU.ActiveCfg = Debug|Any CPU
		{C38C71C5-3A60-4768-B3BB-051D8115D756}.Debug|Any CPU.Build.0 = Debug|Any CPU
		{C38C71C5-3A60-4768-B3BB-051D8115D756}.Release|Any CPU.ActiveCfg = Release|Any CPU
		{C38C71C5-3A60-4768-B3BB-051D8115D756}.Release|Any CPU.Build.0 = Release|Any CPU
		{E75DDF2E-1B9F-413B-A946-DBFF14E5ADF5}.Debug|Any CPU.ActiveCfg = Debug|Any CPU
		{E75DDF2E-1B9F-413B-A946-DBFF14E5ADF5}.Debug|Any CPU.Build.0 = Debug|Any CPU
		{E75DDF2E-1B9F-413B-A946-DBFF14E5ADF5}.Release|Any CPU.ActiveCfg = Release|Any CPU
		{E75DDF2E-1B9F-413B-A946-DBFF14E5ADF5}.Release|Any CPU.Build.0 = Release|Any CPU
		{9B1794C5-3337-4D4C-9BC3-E9F229B09B2A}.Debug|Any CPU.ActiveCfg = Debug|Any CPU
		{9B1794C5-3337-4D4C-9BC3-E9F229B09B2A}.Debug|Any CPU.Build.0 = Debug|Any CPU
		{9B1794C5-3337-4D4C-9BC3-E9F229B09B2A}.Release|Any CPU.ActiveCfg = Release|Any CPU
		{9B1794C5-3337-4D4C-9BC3-E9F229B09B2A}.Release|Any CPU.Build.0 = Release|Any CPU
		{18278D41-5DA6-4681-BB5E-CBA24E631B41}.Debug|Any CPU.ActiveCfg = Debug|Any CPU
		{18278D41-5DA6-4681-BB5E-CBA24E631B41}.Debug|Any CPU.Build.0 = Debug|Any CPU
		{18278D41-5DA6-4681-BB5E-CBA24E631B41}.Release|Any CPU.ActiveCfg = Release|Any CPU
		{18278D41-5DA6-4681-BB5E-CBA24E631B41}.Release|Any CPU.Build.0 = Release|Any CPU
		{2392C732-1061-4C45-B35D-B35AACC19FE7}.Debug|Any CPU.ActiveCfg = Debug|Any CPU
		{2392C732-1061-4C45-B35D-B35AACC19FE7}.Debug|Any CPU.Build.0 = Debug|Any CPU
		{2392C732-1061-4C45-B35D-B35AACC19FE7}.Release|Any CPU.ActiveCfg = Release|Any CPU
		{2392C732-1061-4C45-B35D-B35AACC19FE7}.Release|Any CPU.Build.0 = Release|Any CPU
		{1C293F3A-23CB-49E6-B648-C4980E67929A}.Debug|Any CPU.ActiveCfg = Debug|Any CPU
		{1C293F3A-23CB-49E6-B648-C4980E67929A}.Debug|Any CPU.Build.0 = Debug|Any CPU
		{1C293F3A-23CB-49E6-B648-C4980E67929A}.Release|Any CPU.ActiveCfg = Release|Any CPU
		{1C293F3A-23CB-49E6-B648-C4980E67929A}.Release|Any CPU.Build.0 = Release|Any CPU
		{A46F1027-269B-457B-AE4B-A89E67D4F911}.Debug|Any CPU.ActiveCfg = Debug|Any CPU
		{A46F1027-269B-457B-AE4B-A89E67D4F911}.Debug|Any CPU.Build.0 = Debug|Any CPU
		{A46F1027-269B-457B-AE4B-A89E67D4F911}.Release|Any CPU.ActiveCfg = Release|Any CPU
		{A46F1027-269B-457B-AE4B-A89E67D4F911}.Release|Any CPU.Build.0 = Release|Any CPU
		{C11A0685-5686-482E-AC1C-BFD86467DCD9}.Debug|Any CPU.ActiveCfg = Debug|Any CPU
		{C11A0685-5686-482E-AC1C-BFD86467DCD9}.Debug|Any CPU.Build.0 = Debug|Any CPU
		{C11A0685-5686-482E-AC1C-BFD86467DCD9}.Release|Any CPU.ActiveCfg = Release|Any CPU
		{C11A0685-5686-482E-AC1C-BFD86467DCD9}.Release|Any CPU.Build.0 = Release|Any CPU
		{D67FDD45-39DF-484F-9410-DDE1780E2561}.Debug|Any CPU.ActiveCfg = Debug|Any CPU
		{D67FDD45-39DF-484F-9410-DDE1780E2561}.Debug|Any CPU.Build.0 = Debug|Any CPU
		{D67FDD45-39DF-484F-9410-DDE1780E2561}.Release|Any CPU.ActiveCfg = Release|Any CPU
		{D67FDD45-39DF-484F-9410-DDE1780E2561}.Release|Any CPU.Build.0 = Release|Any CPU
		{5D2DF2FD-F356-417B-92D1-13E3DEF9E528}.Debug|Any CPU.ActiveCfg = Debug|Any CPU
		{5D2DF2FD-F356-417B-92D1-13E3DEF9E528}.Debug|Any CPU.Build.0 = Debug|Any CPU
		{5D2DF2FD-F356-417B-92D1-13E3DEF9E528}.Release|Any CPU.ActiveCfg = Release|Any CPU
		{5D2DF2FD-F356-417B-92D1-13E3DEF9E528}.Release|Any CPU.Build.0 = Release|Any CPU
		{CFC77151-AD06-43F4-8A03-540D77DC7B36}.Debug|Any CPU.ActiveCfg = Debug|Any CPU
		{CFC77151-AD06-43F4-8A03-540D77DC7B36}.Debug|Any CPU.Build.0 = Debug|Any CPU
		{CFC77151-AD06-43F4-8A03-540D77DC7B36}.Release|Any CPU.ActiveCfg = Release|Any CPU
		{CFC77151-AD06-43F4-8A03-540D77DC7B36}.Release|Any CPU.Build.0 = Release|Any CPU
		{0BB6CC6E-92C0-4008-BDD5-436E4A6E2247}.Debug|Any CPU.ActiveCfg = Debug|Any CPU
		{0BB6CC6E-92C0-4008-BDD5-436E4A6E2247}.Debug|Any CPU.Build.0 = Debug|Any CPU
		{0BB6CC6E-92C0-4008-BDD5-436E4A6E2247}.Release|Any CPU.ActiveCfg = Release|Any CPU
		{0BB6CC6E-92C0-4008-BDD5-436E4A6E2247}.Release|Any CPU.Build.0 = Release|Any CPU
		{0644EE92-AAC4-4AD6-B44B-FB1A354441E2}.Debug|Any CPU.ActiveCfg = Debug|Any CPU
		{0644EE92-AAC4-4AD6-B44B-FB1A354441E2}.Debug|Any CPU.Build.0 = Debug|Any CPU
		{0644EE92-AAC4-4AD6-B44B-FB1A354441E2}.Release|Any CPU.ActiveCfg = Release|Any CPU
		{0644EE92-AAC4-4AD6-B44B-FB1A354441E2}.Release|Any CPU.Build.0 = Release|Any CPU
		{729640AC-1767-4887-924A-B6DE03A45C47}.Debug|Any CPU.ActiveCfg = Debug|Any CPU
		{729640AC-1767-4887-924A-B6DE03A45C47}.Debug|Any CPU.Build.0 = Debug|Any CPU
		{729640AC-1767-4887-924A-B6DE03A45C47}.Release|Any CPU.ActiveCfg = Release|Any CPU
		{729640AC-1767-4887-924A-B6DE03A45C47}.Release|Any CPU.Build.0 = Release|Any CPU
		{E98B0D6A-93D8-45B2-AF68-BC07B36667E9}.Debug|Any CPU.ActiveCfg = Debug|Any CPU
		{E98B0D6A-93D8-45B2-AF68-BC07B36667E9}.Debug|Any CPU.Build.0 = Debug|Any CPU
		{E98B0D6A-93D8-45B2-AF68-BC07B36667E9}.Release|Any CPU.ActiveCfg = Release|Any CPU
		{E98B0D6A-93D8-45B2-AF68-BC07B36667E9}.Release|Any CPU.Build.0 = Release|Any CPU
		{1160C157-BA99-49CF-8122-9038D1DD3CE6}.Debug|Any CPU.ActiveCfg = Debug|Any CPU
		{1160C157-BA99-49CF-8122-9038D1DD3CE6}.Debug|Any CPU.Build.0 = Debug|Any CPU
		{1160C157-BA99-49CF-8122-9038D1DD3CE6}.Release|Any CPU.ActiveCfg = Release|Any CPU
		{1160C157-BA99-49CF-8122-9038D1DD3CE6}.Release|Any CPU.Build.0 = Release|Any CPU
		{AB014EF7-ECFD-45DA-AE89-381F5E8AB443}.Debug|Any CPU.ActiveCfg = Debug|Any CPU
		{AB014EF7-ECFD-45DA-AE89-381F5E8AB443}.Debug|Any CPU.Build.0 = Debug|Any CPU
		{AB014EF7-ECFD-45DA-AE89-381F5E8AB443}.Release|Any CPU.ActiveCfg = Release|Any CPU
		{AB014EF7-ECFD-45DA-AE89-381F5E8AB443}.Release|Any CPU.Build.0 = Release|Any CPU
		{26517D52-BC94-4779-9933-58C2A5652A9C}.Debug|Any CPU.ActiveCfg = Debug|Any CPU
		{26517D52-BC94-4779-9933-58C2A5652A9C}.Debug|Any CPU.Build.0 = Debug|Any CPU
		{26517D52-BC94-4779-9933-58C2A5652A9C}.Release|Any CPU.ActiveCfg = Release|Any CPU
		{26517D52-BC94-4779-9933-58C2A5652A9C}.Release|Any CPU.Build.0 = Release|Any CPU
		{792F2791-E961-4A1D-BDAD-17C5F1BA3D9F}.Debug|Any CPU.ActiveCfg = Debug|Any CPU
		{792F2791-E961-4A1D-BDAD-17C5F1BA3D9F}.Debug|Any CPU.Build.0 = Debug|Any CPU
		{792F2791-E961-4A1D-BDAD-17C5F1BA3D9F}.Release|Any CPU.ActiveCfg = Release|Any CPU
		{792F2791-E961-4A1D-BDAD-17C5F1BA3D9F}.Release|Any CPU.Build.0 = Release|Any CPU
		{CACF04DF-7E88-4AD3-859B-88B2EA891F84}.Debug|Any CPU.ActiveCfg = Debug|Any CPU
		{CACF04DF-7E88-4AD3-859B-88B2EA891F84}.Debug|Any CPU.Build.0 = Debug|Any CPU
		{CACF04DF-7E88-4AD3-859B-88B2EA891F84}.Release|Any CPU.ActiveCfg = Release|Any CPU
		{CACF04DF-7E88-4AD3-859B-88B2EA891F84}.Release|Any CPU.Build.0 = Release|Any CPU
	EndGlobalSection
	GlobalSection(SolutionProperties) = preSolution
		HideSolutionNode = FALSE
	EndGlobalSection
	GlobalSection(ExtensibilityGlobals) = postSolution
		SolutionGuid = {38FDD274-2DD5-4A02-BEC1-7EE6E4BE0F7A}
	EndGlobalSection
EndGlobal
